// !$*UTF8*$!
{
	archiveVersion = 1;
	classes = {
	};
	objectVersion = 56;
	objects = {

/* Begin PBXBuildFile section */
		52937ACB2BBBA46D00CB0F53 /* FileService.swift in Sources */ = {isa = PBXBuildFile; fileRef = 52937ACA2BBBA46D00CB0F53 /* FileService.swift */; };
		52937ACE2BBD214000CB0F53 /* DocumentPickerManager.swift in Sources */ = {isa = PBXBuildFile; fileRef = 52937ACD2BBD214000CB0F53 /* DocumentPickerManager.swift */; };
		52937AD62BBE815F00CB0F53 /* ShareViewController.swift in Sources */ = {isa = PBXBuildFile; fileRef = 52937AD52BBE815F00CB0F53 /* ShareViewController.swift */; };
		52937AD92BBE815F00CB0F53 /* MainInterface.storyboard in Resources */ = {isa = PBXBuildFile; fileRef = 52937AD72BBE815F00CB0F53 /* MainInterface.storyboard */; };
		52937ADD2BBE815F00CB0F53 /* FileShareExtension.appex in Embed Foundation Extensions */ = {isa = PBXBuildFile; fileRef = 52937AD32BBE815F00CB0F53 /* FileShareExtension.appex */; settings = {ATTRIBUTES = (RemoveHeadersOnCopy, ); }; };
		52937B212BBE8EEF00CB0F53 /* common.docc in Sources */ = {isa = PBXBuildFile; fileRef = 52937B202BBE8EEF00CB0F53 /* common.docc */; };
		52937B222BBE8EEF00CB0F53 /* common.h in Headers */ = {isa = PBXBuildFile; fileRef = 52937B1F2BBE8EEF00CB0F53 /* common.h */; settings = {ATTRIBUTES = (Public, ); }; };
		52937B252BBE8EEF00CB0F53 /* common.framework in Frameworks */ = {isa = PBXBuildFile; fileRef = 52937B1D2BBE8EEF00CB0F53 /* common.framework */; };
		52937B262BBE8EEF00CB0F53 /* common.framework in Embed Frameworks */ = {isa = PBXBuildFile; fileRef = 52937B1D2BBE8EEF00CB0F53 /* common.framework */; settings = {ATTRIBUTES = (CodeSignOnCopy, RemoveHeadersOnCopy, ); }; };
		52937B2C2BBE8F2B00CB0F53 /* common.framework in Frameworks */ = {isa = PBXBuildFile; fileRef = 52937B1D2BBE8EEF00CB0F53 /* common.framework */; };
		52937B2D2BBE8F2B00CB0F53 /* common.framework in Embed Frameworks */ = {isa = PBXBuildFile; fileRef = 52937B1D2BBE8EEF00CB0F53 /* common.framework */; settings = {ATTRIBUTES = (CodeSignOnCopy, RemoveHeadersOnCopy, ); }; };
		52937B332BBE8F8600CB0F53 /* Log.swift in Sources */ = {isa = PBXBuildFile; fileRef = 52937B322BBE8F8600CB0F53 /* Log.swift */; };
		52D367542BB52B4500F0DD59 /* AppDelegate.swift in Sources */ = {isa = PBXBuildFile; fileRef = 52D367532BB52B4500F0DD59 /* AppDelegate.swift */; };
		52D367562BB52B4500F0DD59 /* SceneDelegate.swift in Sources */ = {isa = PBXBuildFile; fileRef = 52D367552BB52B4500F0DD59 /* SceneDelegate.swift */; };
		52D367582BB52B4500F0DD59 /* ViewController.swift in Sources */ = {isa = PBXBuildFile; fileRef = 52D367572BB52B4500F0DD59 /* ViewController.swift */; };
		52D3675B2BB52B4500F0DD59 /* Main.storyboard in Resources */ = {isa = PBXBuildFile; fileRef = 52D367592BB52B4500F0DD59 /* Main.storyboard */; };
		52D3675D2BB52B4700F0DD59 /* Assets.xcassets in Resources */ = {isa = PBXBuildFile; fileRef = 52D3675C2BB52B4700F0DD59 /* Assets.xcassets */; };
		52D367602BB52B4700F0DD59 /* LaunchScreen.storyboard in Resources */ = {isa = PBXBuildFile; fileRef = 52D3675E2BB52B4700F0DD59 /* LaunchScreen.storyboard */; };
		52D367692BB52D4500F0DD59 /* PhotoPickerManager.swift in Sources */ = {isa = PBXBuildFile; fileRef = 52D367682BB52D4500F0DD59 /* PhotoPickerManager.swift */; };
		52D3676B2BB53DCD00F0DD59 /* PhotoPickerModel.swift in Sources */ = {isa = PBXBuildFile; fileRef = 52D3676A2BB53DCD00F0DD59 /* PhotoPickerModel.swift */; };
/* End PBXBuildFile section */

/* Begin PBXContainerItemProxy section */
		52937ADB2BBE815F00CB0F53 /* PBXContainerItemProxy */ = {
			isa = PBXContainerItemProxy;
			containerPortal = 52D367482BB52B4500F0DD59 /* Project object */;
			proxyType = 1;
			remoteGlobalIDString = 52937AD22BBE815F00CB0F53;
			remoteInfo = FileShareExtension;
		};
		52937B232BBE8EEF00CB0F53 /* PBXContainerItemProxy */ = {
			isa = PBXContainerItemProxy;
			containerPortal = 52D367482BB52B4500F0DD59 /* Project object */;
			proxyType = 1;
			remoteGlobalIDString = 52937B1C2BBE8EEF00CB0F53;
			remoteInfo = common;
		};
		52937B2E2BBE8F2B00CB0F53 /* PBXContainerItemProxy */ = {
			isa = PBXContainerItemProxy;
			containerPortal = 52D367482BB52B4500F0DD59 /* Project object */;
			proxyType = 1;
			remoteGlobalIDString = 52937B1C2BBE8EEF00CB0F53;
			remoteInfo = common;
		};
/* End PBXContainerItemProxy section */

/* Begin PBXCopyFilesBuildPhase section */
		52937AE12BBE815F00CB0F53 /* Embed Foundation Extensions */ = {
			isa = PBXCopyFilesBuildPhase;
			buildActionMask = 2147483647;
			dstPath = "";
			dstSubfolderSpec = 13;
			files = (
				52937ADD2BBE815F00CB0F53 /* FileShareExtension.appex in Embed Foundation Extensions */,
			);
			name = "Embed Foundation Extensions";
			runOnlyForDeploymentPostprocessing = 0;
		};
		52937B272BBE8EEF00CB0F53 /* Embed Frameworks */ = {
			isa = PBXCopyFilesBuildPhase;
			buildActionMask = 2147483647;
			dstPath = "";
			dstSubfolderSpec = 10;
			files = (
				52937B262BBE8EEF00CB0F53 /* common.framework in Embed Frameworks */,
			);
			name = "Embed Frameworks";
			runOnlyForDeploymentPostprocessing = 0;
		};
		52937B302BBE8F2C00CB0F53 /* Embed Frameworks */ = {
			isa = PBXCopyFilesBuildPhase;
			buildActionMask = 2147483647;
			dstPath = "";
			dstSubfolderSpec = 10;
			files = (
				52937B2D2BBE8F2B00CB0F53 /* common.framework in Embed Frameworks */,
			);
			name = "Embed Frameworks";
			runOnlyForDeploymentPostprocessing = 0;
		};
/* End PBXCopyFilesBuildPhase section */

/* Begin PBXFileReference section */
		52937ACA2BBBA46D00CB0F53 /* FileService.swift */ = {isa = PBXFileReference; lastKnownFileType = sourcecode.swift; path = FileService.swift; sourceTree = "<group>"; };
		52937ACD2BBD214000CB0F53 /* DocumentPickerManager.swift */ = {isa = PBXFileReference; lastKnownFileType = sourcecode.swift; path = DocumentPickerManager.swift; sourceTree = "<group>"; };
		52937AD32BBE815F00CB0F53 /* FileShareExtension.appex */ = {isa = PBXFileReference; explicitFileType = "wrapper.app-extension"; includeInIndex = 0; path = FileShareExtension.appex; sourceTree = BUILT_PRODUCTS_DIR; };
		52937AD52BBE815F00CB0F53 /* ShareViewController.swift */ = {isa = PBXFileReference; lastKnownFileType = sourcecode.swift; path = ShareViewController.swift; sourceTree = "<group>"; };
		52937AD82BBE815F00CB0F53 /* Base */ = {isa = PBXFileReference; lastKnownFileType = file.storyboard; name = Base; path = Base.lproj/MainInterface.storyboard; sourceTree = "<group>"; };
		52937ADA2BBE815F00CB0F53 /* Info.plist */ = {isa = PBXFileReference; lastKnownFileType = text.plist.xml; path = Info.plist; sourceTree = "<group>"; };
		52937B1D2BBE8EEF00CB0F53 /* common.framework */ = {isa = PBXFileReference; explicitFileType = wrapper.framework; includeInIndex = 0; path = common.framework; sourceTree = BUILT_PRODUCTS_DIR; };
		52937B1F2BBE8EEF00CB0F53 /* common.h */ = {isa = PBXFileReference; lastKnownFileType = sourcecode.c.h; path = common.h; sourceTree = "<group>"; };
		52937B202BBE8EEF00CB0F53 /* common.docc */ = {isa = PBXFileReference; lastKnownFileType = folder.documentationcatalog; path = common.docc; sourceTree = "<group>"; };
		52937B322BBE8F8600CB0F53 /* Log.swift */ = {isa = PBXFileReference; lastKnownFileType = sourcecode.swift; path = Log.swift; sourceTree = "<group>"; };
		52D367502BB52B4500F0DD59 /* FileDirectory.app */ = {isa = PBXFileReference; explicitFileType = wrapper.application; includeInIndex = 0; path = FileDirectory.app; sourceTree = BUILT_PRODUCTS_DIR; };
		52D367532BB52B4500F0DD59 /* AppDelegate.swift */ = {isa = PBXFileReference; lastKnownFileType = sourcecode.swift; path = AppDelegate.swift; sourceTree = "<group>"; };
		52D367552BB52B4500F0DD59 /* SceneDelegate.swift */ = {isa = PBXFileReference; lastKnownFileType = sourcecode.swift; path = SceneDelegate.swift; sourceTree = "<group>"; };
		52D367572BB52B4500F0DD59 /* ViewController.swift */ = {isa = PBXFileReference; lastKnownFileType = sourcecode.swift; path = ViewController.swift; sourceTree = "<group>"; };
		52D3675A2BB52B4500F0DD59 /* Base */ = {isa = PBXFileReference; lastKnownFileType = file.storyboard; name = Base; path = Base.lproj/Main.storyboard; sourceTree = "<group>"; };
		52D3675C2BB52B4700F0DD59 /* Assets.xcassets */ = {isa = PBXFileReference; lastKnownFileType = folder.assetcatalog; path = Assets.xcassets; sourceTree = "<group>"; };
		52D3675F2BB52B4700F0DD59 /* Base */ = {isa = PBXFileReference; lastKnownFileType = file.storyboard; name = Base; path = Base.lproj/LaunchScreen.storyboard; sourceTree = "<group>"; };
		52D367612BB52B4700F0DD59 /* Info.plist */ = {isa = PBXFileReference; lastKnownFileType = text.plist.xml; path = Info.plist; sourceTree = "<group>"; };
		52D367682BB52D4500F0DD59 /* PhotoPickerManager.swift */ = {isa = PBXFileReference; lastKnownFileType = sourcecode.swift; path = PhotoPickerManager.swift; sourceTree = "<group>"; };
		52D3676A2BB53DCD00F0DD59 /* PhotoPickerModel.swift */ = {isa = PBXFileReference; lastKnownFileType = sourcecode.swift; path = PhotoPickerModel.swift; sourceTree = "<group>"; };
/* End PBXFileReference section */

/* Begin PBXFrameworksBuildPhase section */
		52937AD02BBE815F00CB0F53 /* Frameworks */ = {
			isa = PBXFrameworksBuildPhase;
			buildActionMask = 2147483647;
			files = (
				52937B2C2BBE8F2B00CB0F53 /* common.framework in Frameworks */,
			);
			runOnlyForDeploymentPostprocessing = 0;
		};
		52937B1A2BBE8EEF00CB0F53 /* Frameworks */ = {
			isa = PBXFrameworksBuildPhase;
			buildActionMask = 2147483647;
			files = (
			);
			runOnlyForDeploymentPostprocessing = 0;
		};
		52D3674D2BB52B4500F0DD59 /* Frameworks */ = {
			isa = PBXFrameworksBuildPhase;
			buildActionMask = 2147483647;
			files = (
				52937B252BBE8EEF00CB0F53 /* common.framework in Frameworks */,
			);
			runOnlyForDeploymentPostprocessing = 0;
		};
/* End PBXFrameworksBuildPhase section */

/* Begin PBXGroup section */
		52937AC92BBBA0FF00CB0F53 /* File */ = {
			isa = PBXGroup;
			children = (
				52937ACA2BBBA46D00CB0F53 /* FileService.swift */,
			);
			path = File;
			sourceTree = "<group>";
		};
		52937ACC2BBD211800CB0F53 /* Document */ = {
			isa = PBXGroup;
			children = (
				52937ACD2BBD214000CB0F53 /* DocumentPickerManager.swift */,
			);
			path = Document;
			sourceTree = "<group>";
		};
		52937AD42BBE815F00CB0F53 /* FileShareExtension */ = {
			isa = PBXGroup;
			children = (
				52937AD52BBE815F00CB0F53 /* ShareViewController.swift */,
				52937AD72BBE815F00CB0F53 /* MainInterface.storyboard */,
				52937ADA2BBE815F00CB0F53 /* Info.plist */,
			);
			path = FileShareExtension;
			sourceTree = "<group>";
		};
		52937B1E2BBE8EEF00CB0F53 /* common */ = {
			isa = PBXGroup;
			children = (
				52937B1F2BBE8EEF00CB0F53 /* common.h */,
				52937B202BBE8EEF00CB0F53 /* common.docc */,
				52937B322BBE8F8600CB0F53 /* Log.swift */,
			);
			path = common;
			sourceTree = "<group>";
		};
		52937B2B2BBE8F2B00CB0F53 /* Frameworks */ = {
			isa = PBXGroup;
			children = (
			);
			name = Frameworks;
			sourceTree = "<group>";
		};
		52D367472BB52B4500F0DD59 = {
			isa = PBXGroup;
			children = (
				52D367522BB52B4500F0DD59 /* FileDirectory */,
				52937AD42BBE815F00CB0F53 /* FileShareExtension */,
				52937B1E2BBE8EEF00CB0F53 /* common */,
				52D367512BB52B4500F0DD59 /* Products */,
				52937B2B2BBE8F2B00CB0F53 /* Frameworks */,
			);
			sourceTree = "<group>";
		};
		52D367512BB52B4500F0DD59 /* Products */ = {
			isa = PBXGroup;
			children = (
				52D367502BB52B4500F0DD59 /* FileDirectory.app */,
				52937AD32BBE815F00CB0F53 /* FileShareExtension.appex */,
				52937B1D2BBE8EEF00CB0F53 /* common.framework */,
			);
			name = Products;
			sourceTree = "<group>";
		};
		52D367522BB52B4500F0DD59 /* FileDirectory */ = {
			isa = PBXGroup;
			children = (
				52937ACC2BBD211800CB0F53 /* Document */,
				52937AC92BBBA0FF00CB0F53 /* File */,
				52D367672BB52D1200F0DD59 /* PhotoPicker */,
				52D367532BB52B4500F0DD59 /* AppDelegate.swift */,
				52D367552BB52B4500F0DD59 /* SceneDelegate.swift */,
				52D367572BB52B4500F0DD59 /* ViewController.swift */,
				52D367592BB52B4500F0DD59 /* Main.storyboard */,
				52D3675C2BB52B4700F0DD59 /* Assets.xcassets */,
				52D3675E2BB52B4700F0DD59 /* LaunchScreen.storyboard */,
				52D367612BB52B4700F0DD59 /* Info.plist */,
			);
			path = FileDirectory;
			sourceTree = "<group>";
		};
		52D367672BB52D1200F0DD59 /* PhotoPicker */ = {
			isa = PBXGroup;
			children = (
				52D367682BB52D4500F0DD59 /* PhotoPickerManager.swift */,
				52D3676A2BB53DCD00F0DD59 /* PhotoPickerModel.swift */,
			);
			path = PhotoPicker;
			sourceTree = "<group>";
		};
/* End PBXGroup section */

/* Begin PBXHeadersBuildPhase section */
		52937B182BBE8EEF00CB0F53 /* Headers */ = {
			isa = PBXHeadersBuildPhase;
			buildActionMask = 2147483647;
			files = (
				52937B222BBE8EEF00CB0F53 /* common.h in Headers */,
			);
			runOnlyForDeploymentPostprocessing = 0;
		};
/* End PBXHeadersBuildPhase section */

/* Begin PBXNativeTarget section */
		52937AD22BBE815F00CB0F53 /* FileShareExtension */ = {
			isa = PBXNativeTarget;
			buildConfigurationList = 52937ADE2BBE815F00CB0F53 /* Build configuration list for PBXNativeTarget "FileShareExtension" */;
			buildPhases = (
				52937ACF2BBE815F00CB0F53 /* Sources */,
				52937AD02BBE815F00CB0F53 /* Frameworks */,
				52937AD12BBE815F00CB0F53 /* Resources */,
				52937B302BBE8F2C00CB0F53 /* Embed Frameworks */,
			);
			buildRules = (
			);
			dependencies = (
				52937B2F2BBE8F2B00CB0F53 /* PBXTargetDependency */,
			);
			name = FileShareExtension;
			productName = FileShareExtension;
			productReference = 52937AD32BBE815F00CB0F53 /* FileShareExtension.appex */;
			productType = "com.apple.product-type.app-extension";
		};
		52937B1C2BBE8EEF00CB0F53 /* common */ = {
			isa = PBXNativeTarget;
			buildConfigurationList = 52937B2A2BBE8EEF00CB0F53 /* Build configuration list for PBXNativeTarget "common" */;
			buildPhases = (
				52937B182BBE8EEF00CB0F53 /* Headers */,
				52937B192BBE8EEF00CB0F53 /* Sources */,
				52937B1A2BBE8EEF00CB0F53 /* Frameworks */,
				52937B1B2BBE8EEF00CB0F53 /* Resources */,
			);
			buildRules = (
			);
			dependencies = (
			);
			name = common;
			productName = common;
			productReference = 52937B1D2BBE8EEF00CB0F53 /* common.framework */;
			productType = "com.apple.product-type.framework";
		};
		52D3674F2BB52B4500F0DD59 /* FileDirectory */ = {
			isa = PBXNativeTarget;
			buildConfigurationList = 52D367642BB52B4700F0DD59 /* Build configuration list for PBXNativeTarget "FileDirectory" */;
			buildPhases = (
				52D3674C2BB52B4500F0DD59 /* Sources */,
				52D3674D2BB52B4500F0DD59 /* Frameworks */,
				52D3674E2BB52B4500F0DD59 /* Resources */,
				52937AE12BBE815F00CB0F53 /* Embed Foundation Extensions */,
				52937B272BBE8EEF00CB0F53 /* Embed Frameworks */,
			);
			buildRules = (
			);
			dependencies = (
				52937ADC2BBE815F00CB0F53 /* PBXTargetDependency */,
				52937B242BBE8EEF00CB0F53 /* PBXTargetDependency */,
			);
			name = FileDirectory;
			productName = FileDirectory;
			productReference = 52D367502BB52B4500F0DD59 /* FileDirectory.app */;
			productType = "com.apple.product-type.application";
		};
/* End PBXNativeTarget section */

/* Begin PBXProject section */
		52D367482BB52B4500F0DD59 /* Project object */ = {
			isa = PBXProject;
			attributes = {
				BuildIndependentTargetsInParallel = 1;
				LastSwiftUpdateCheck = 1510;
				LastUpgradeCheck = 1510;
				TargetAttributes = {
					52937AD22BBE815F00CB0F53 = {
						CreatedOnToolsVersion = 15.1;
					};
					52937B1C2BBE8EEF00CB0F53 = {
						CreatedOnToolsVersion = 15.1;
					};
					52D3674F2BB52B4500F0DD59 = {
						CreatedOnToolsVersion = 15.1;
					};
				};
			};
			buildConfigurationList = 52D3674B2BB52B4500F0DD59 /* Build configuration list for PBXProject "FileDirectory" */;
			compatibilityVersion = "Xcode 14.0";
			developmentRegion = en;
			hasScannedForEncodings = 0;
			knownRegions = (
				en,
				Base,
			);
			mainGroup = 52D367472BB52B4500F0DD59;
			productRefGroup = 52D367512BB52B4500F0DD59 /* Products */;
			projectDirPath = "";
			projectRoot = "";
			targets = (
				52D3674F2BB52B4500F0DD59 /* FileDirectory */,
				52937AD22BBE815F00CB0F53 /* FileShareExtension */,
				52937B1C2BBE8EEF00CB0F53 /* common */,
			);
		};
/* End PBXProject section */

/* Begin PBXResourcesBuildPhase section */
		52937AD12BBE815F00CB0F53 /* Resources */ = {
			isa = PBXResourcesBuildPhase;
			buildActionMask = 2147483647;
			files = (
				52937AD92BBE815F00CB0F53 /* MainInterface.storyboard in Resources */,
			);
			runOnlyForDeploymentPostprocessing = 0;
		};
		52937B1B2BBE8EEF00CB0F53 /* Resources */ = {
			isa = PBXResourcesBuildPhase;
			buildActionMask = 2147483647;
			files = (
			);
			runOnlyForDeploymentPostprocessing = 0;
		};
		52D3674E2BB52B4500F0DD59 /* Resources */ = {
			isa = PBXResourcesBuildPhase;
			buildActionMask = 2147483647;
			files = (
				52D367602BB52B4700F0DD59 /* LaunchScreen.storyboard in Resources */,
				52D3675D2BB52B4700F0DD59 /* Assets.xcassets in Resources */,
				52D3675B2BB52B4500F0DD59 /* Main.storyboard in Resources */,
			);
			runOnlyForDeploymentPostprocessing = 0;
		};
/* End PBXResourcesBuildPhase section */

/* Begin PBXSourcesBuildPhase section */
		52937ACF2BBE815F00CB0F53 /* Sources */ = {
			isa = PBXSourcesBuildPhase;
			buildActionMask = 2147483647;
			files = (
				52937AD62BBE815F00CB0F53 /* ShareViewController.swift in Sources */,
			);
			runOnlyForDeploymentPostprocessing = 0;
		};
		52937B192BBE8EEF00CB0F53 /* Sources */ = {
			isa = PBXSourcesBuildPhase;
			buildActionMask = 2147483647;
			files = (
				52937B332BBE8F8600CB0F53 /* Log.swift in Sources */,
				52937B212BBE8EEF00CB0F53 /* common.docc in Sources */,
			);
			runOnlyForDeploymentPostprocessing = 0;
		};
		52D3674C2BB52B4500F0DD59 /* Sources */ = {
			isa = PBXSourcesBuildPhase;
			buildActionMask = 2147483647;
			files = (
				52D367582BB52B4500F0DD59 /* ViewController.swift in Sources */,
				52937ACB2BBBA46D00CB0F53 /* FileService.swift in Sources */,
				52D367542BB52B4500F0DD59 /* AppDelegate.swift in Sources */,
				52D3676B2BB53DCD00F0DD59 /* PhotoPickerModel.swift in Sources */,
				52D367562BB52B4500F0DD59 /* SceneDelegate.swift in Sources */,
				52937ACE2BBD214000CB0F53 /* DocumentPickerManager.swift in Sources */,
				52D367692BB52D4500F0DD59 /* PhotoPickerManager.swift in Sources */,
			);
			runOnlyForDeploymentPostprocessing = 0;
		};
/* End PBXSourcesBuildPhase section */

/* Begin PBXTargetDependency section */
		52937ADC2BBE815F00CB0F53 /* PBXTargetDependency */ = {
			isa = PBXTargetDependency;
			target = 52937AD22BBE815F00CB0F53 /* FileShareExtension */;
			targetProxy = 52937ADB2BBE815F00CB0F53 /* PBXContainerItemProxy */;
		};
		52937B242BBE8EEF00CB0F53 /* PBXTargetDependency */ = {
			isa = PBXTargetDependency;
			target = 52937B1C2BBE8EEF00CB0F53 /* common */;
			targetProxy = 52937B232BBE8EEF00CB0F53 /* PBXContainerItemProxy */;
		};
		52937B2F2BBE8F2B00CB0F53 /* PBXTargetDependency */ = {
			isa = PBXTargetDependency;
			target = 52937B1C2BBE8EEF00CB0F53 /* common */;
			targetProxy = 52937B2E2BBE8F2B00CB0F53 /* PBXContainerItemProxy */;
		};
/* End PBXTargetDependency section */

/* Begin PBXVariantGroup section */
		52937AD72BBE815F00CB0F53 /* MainInterface.storyboard */ = {
			isa = PBXVariantGroup;
			children = (
				52937AD82BBE815F00CB0F53 /* Base */,
			);
			name = MainInterface.storyboard;
			sourceTree = "<group>";
		};
		52D367592BB52B4500F0DD59 /* Main.storyboard */ = {
			isa = PBXVariantGroup;
			children = (
				52D3675A2BB52B4500F0DD59 /* Base */,
			);
			name = Main.storyboard;
			sourceTree = "<group>";
		};
		52D3675E2BB52B4700F0DD59 /* LaunchScreen.storyboard */ = {
			isa = PBXVariantGroup;
			children = (
				52D3675F2BB52B4700F0DD59 /* Base */,
			);
			name = LaunchScreen.storyboard;
			sourceTree = "<group>";
		};
/* End PBXVariantGroup section */

/* Begin XCBuildConfiguration section */
		52937ADF2BBE815F00CB0F53 /* Debug */ = {
			isa = XCBuildConfiguration;
			buildSettings = {
				CODE_SIGN_STYLE = Automatic;
				CURRENT_PROJECT_VERSION = 1;
				DEVELOPMENT_TEAM = W2TQ6HFG67;
				GENERATE_INFOPLIST_FILE = YES;
				INFOPLIST_FILE = FileShareExtension/Info.plist;
				INFOPLIST_KEY_CFBundleDisplayName = FileShareExtension;
				INFOPLIST_KEY_NSHumanReadableCopyright = "";
				LD_RUNPATH_SEARCH_PATHS = (
					"$(inherited)",
					"@executable_path/Frameworks",
					"@executable_path/../../Frameworks",
				);
				MARKETING_VERSION = 1.0;
				PRODUCT_BUNDLE_IDENTIFIER = com.hgkim2024.FileDirectory.FileShareExtension;
				PRODUCT_NAME = "$(TARGET_NAME)";
				SKIP_INSTALL = YES;
				SWIFT_EMIT_LOC_STRINGS = YES;
				SWIFT_VERSION = 5.0;
				TARGETED_DEVICE_FAMILY = "1,2";
			};
			name = Debug;
		};
		52937AE02BBE815F00CB0F53 /* Release */ = {
			isa = XCBuildConfiguration;
			buildSettings = {
				CODE_SIGN_STYLE = Automatic;
				CURRENT_PROJECT_VERSION = 1;
				DEVELOPMENT_TEAM = W2TQ6HFG67;
				GENERATE_INFOPLIST_FILE = YES;
				INFOPLIST_FILE = FileShareExtension/Info.plist;
				INFOPLIST_KEY_CFBundleDisplayName = FileShareExtension;
				INFOPLIST_KEY_NSHumanReadableCopyright = "";
				LD_RUNPATH_SEARCH_PATHS = (
					"$(inherited)",
					"@executable_path/Frameworks",
					"@executable_path/../../Frameworks",
				);
				MARKETING_VERSION = 1.0;
				PRODUCT_BUNDLE_IDENTIFIER = com.hgkim2024.FileDirectory.FileShareExtension;
				PRODUCT_NAME = "$(TARGET_NAME)";
				SKIP_INSTALL = YES;
				SWIFT_EMIT_LOC_STRINGS = YES;
				SWIFT_VERSION = 5.0;
				TARGETED_DEVICE_FAMILY = "1,2";
			};
			name = Release;
		};
		52937B282BBE8EEF00CB0F53 /* Debug */ = {
			isa = XCBuildConfiguration;
			buildSettings = {
				CODE_SIGN_STYLE = Automatic;
				CURRENT_PROJECT_VERSION = 1;
				DEFINES_MODULE = YES;
				DEVELOPMENT_TEAM = W2TQ6HFG67;
				DYLIB_COMPATIBILITY_VERSION = 1;
				DYLIB_CURRENT_VERSION = 1;
				DYLIB_INSTALL_NAME_BASE = "@rpath";
				ENABLE_MODULE_VERIFIER = YES;
				GENERATE_INFOPLIST_FILE = YES;
				INFOPLIST_KEY_NSHumanReadableCopyright = "";
				INSTALL_PATH = "$(LOCAL_LIBRARY_DIR)/Frameworks";
				LD_RUNPATH_SEARCH_PATHS = (
					"$(inherited)",
					"@executable_path/Frameworks",
					"@loader_path/Frameworks",
				);
				MARKETING_VERSION = 1.0;
				MODULE_VERIFIER_SUPPORTED_LANGUAGES = "objective-c objective-c++";
				MODULE_VERIFIER_SUPPORTED_LANGUAGE_STANDARDS = "gnu17 gnu++20";
				PRODUCT_BUNDLE_IDENTIFIER = com.hgkim2024.common;
				PRODUCT_NAME = "$(TARGET_NAME:c99extidentifier)";
				SKIP_INSTALL = YES;
				SWIFT_EMIT_LOC_STRINGS = YES;
				SWIFT_VERSION = 5.0;
				TARGETED_DEVICE_FAMILY = "1,2";
				VERSIONING_SYSTEM = "apple-generic";
				VERSION_INFO_PREFIX = "";
			};
			name = Debug;
		};
		52937B292BBE8EEF00CB0F53 /* Release */ = {
			isa = XCBuildConfiguration;
			buildSettings = {
				CODE_SIGN_STYLE = Automatic;
				CURRENT_PROJECT_VERSION = 1;
				DEFINES_MODULE = YES;
				DEVELOPMENT_TEAM = W2TQ6HFG67;
				DYLIB_COMPATIBILITY_VERSION = 1;
				DYLIB_CURRENT_VERSION = 1;
				DYLIB_INSTALL_NAME_BASE = "@rpath";
				ENABLE_MODULE_VERIFIER = YES;
				GENERATE_INFOPLIST_FILE = YES;
				INFOPLIST_KEY_NSHumanReadableCopyright = "";
				INSTALL_PATH = "$(LOCAL_LIBRARY_DIR)/Frameworks";
				LD_RUNPATH_SEARCH_PATHS = (
					"$(inherited)",
					"@executable_path/Frameworks",
					"@loader_path/Frameworks",
				);
				MARKETING_VERSION = 1.0;
				MODULE_VERIFIER_SUPPORTED_LANGUAGES = "objective-c objective-c++";
				MODULE_VERIFIER_SUPPORTED_LANGUAGE_STANDARDS = "gnu17 gnu++20";
				PRODUCT_BUNDLE_IDENTIFIER = com.hgkim2024.common;
				PRODUCT_NAME = "$(TARGET_NAME:c99extidentifier)";
				SKIP_INSTALL = YES;
				SWIFT_EMIT_LOC_STRINGS = YES;
				SWIFT_VERSION = 5.0;
				TARGETED_DEVICE_FAMILY = "1,2";
				VERSIONING_SYSTEM = "apple-generic";
				VERSION_INFO_PREFIX = "";
			};
			name = Release;
		};
		52D367622BB52B4700F0DD59 /* Debug */ = {
			isa = XCBuildConfiguration;
			buildSettings = {
				ALWAYS_SEARCH_USER_PATHS = NO;
				ASSETCATALOG_COMPILER_GENERATE_SWIFT_ASSET_SYMBOL_EXTENSIONS = YES;
				CLANG_ANALYZER_NONNULL = YES;
				CLANG_ANALYZER_NUMBER_OBJECT_CONVERSION = YES_AGGRESSIVE;
				CLANG_CXX_LANGUAGE_STANDARD = "gnu++20";
				CLANG_ENABLE_MODULES = YES;
				CLANG_ENABLE_OBJC_ARC = YES;
				CLANG_ENABLE_OBJC_WEAK = YES;
				CLANG_WARN_BLOCK_CAPTURE_AUTORELEASING = YES;
				CLANG_WARN_BOOL_CONVERSION = YES;
				CLANG_WARN_COMMA = YES;
				CLANG_WARN_CONSTANT_CONVERSION = YES;
				CLANG_WARN_DEPRECATED_OBJC_IMPLEMENTATIONS = YES;
				CLANG_WARN_DIRECT_OBJC_ISA_USAGE = YES_ERROR;
				CLANG_WARN_DOCUMENTATION_COMMENTS = YES;
				CLANG_WARN_EMPTY_BODY = YES;
				CLANG_WARN_ENUM_CONVERSION = YES;
				CLANG_WARN_INFINITE_RECURSION = YES;
				CLANG_WARN_INT_CONVERSION = YES;
				CLANG_WARN_NON_LITERAL_NULL_CONVERSION = YES;
				CLANG_WARN_OBJC_IMPLICIT_RETAIN_SELF = YES;
				CLANG_WARN_OBJC_LITERAL_CONVERSION = YES;
				CLANG_WARN_OBJC_ROOT_CLASS = YES_ERROR;
				CLANG_WARN_QUOTED_INCLUDE_IN_FRAMEWORK_HEADER = YES;
				CLANG_WARN_RANGE_LOOP_ANALYSIS = YES;
				CLANG_WARN_STRICT_PROTOTYPES = YES;
				CLANG_WARN_SUSPICIOUS_MOVE = YES;
				CLANG_WARN_UNGUARDED_AVAILABILITY = YES_AGGRESSIVE;
				CLANG_WARN_UNREACHABLE_CODE = YES;
				CLANG_WARN__DUPLICATE_METHOD_MATCH = YES;
				COPY_PHASE_STRIP = NO;
				DEBUG_INFORMATION_FORMAT = dwarf;
				ENABLE_STRICT_OBJC_MSGSEND = YES;
				ENABLE_TESTABILITY = YES;
				ENABLE_USER_SCRIPT_SANDBOXING = YES;
				GCC_C_LANGUAGE_STANDARD = gnu17;
				GCC_DYNAMIC_NO_PIC = NO;
				GCC_NO_COMMON_BLOCKS = YES;
				GCC_OPTIMIZATION_LEVEL = 0;
				GCC_PREPROCESSOR_DEFINITIONS = (
					"DEBUG=1",
					"$(inherited)",
				);
				GCC_WARN_64_TO_32_BIT_CONVERSION = YES;
				GCC_WARN_ABOUT_RETURN_TYPE = YES_ERROR;
				GCC_WARN_UNDECLARED_SELECTOR = YES;
				GCC_WARN_UNINITIALIZED_AUTOS = YES_AGGRESSIVE;
				GCC_WARN_UNUSED_FUNCTION = YES;
				GCC_WARN_UNUSED_VARIABLE = YES;
				IPHONEOS_DEPLOYMENT_TARGET = 17.2;
				LOCALIZATION_PREFERS_STRING_CATALOGS = YES;
				MTL_ENABLE_DEBUG_INFO = INCLUDE_SOURCE;
				MTL_FAST_MATH = YES;
				ONLY_ACTIVE_ARCH = YES;
				SDKROOT = iphoneos;
				SWIFT_ACTIVE_COMPILATION_CONDITIONS = "DEBUG $(inherited)";
				SWIFT_OPTIMIZATION_LEVEL = "-Onone";
			};
			name = Debug;
		};
		52D367632BB52B4700F0DD59 /* Release */ = {
			isa = XCBuildConfiguration;
			buildSettings = {
				ALWAYS_SEARCH_USER_PATHS = NO;
				ASSETCATALOG_COMPILER_GENERATE_SWIFT_ASSET_SYMBOL_EXTENSIONS = YES;
				CLANG_ANALYZER_NONNULL = YES;
				CLANG_ANALYZER_NUMBER_OBJECT_CONVERSION = YES_AGGRESSIVE;
				CLANG_CXX_LANGUAGE_STANDARD = "gnu++20";
				CLANG_ENABLE_MODULES = YES;
				CLANG_ENABLE_OBJC_ARC = YES;
				CLANG_ENABLE_OBJC_WEAK = YES;
				CLANG_WARN_BLOCK_CAPTURE_AUTORELEASING = YES;
				CLANG_WARN_BOOL_CONVERSION = YES;
				CLANG_WARN_COMMA = YES;
				CLANG_WARN_CONSTANT_CONVERSION = YES;
				CLANG_WARN_DEPRECATED_OBJC_IMPLEMENTATIONS = YES;
				CLANG_WARN_DIRECT_OBJC_ISA_USAGE = YES_ERROR;
				CLANG_WARN_DOCUMENTATION_COMMENTS = YES;
				CLANG_WARN_EMPTY_BODY = YES;
				CLANG_WARN_ENUM_CONVERSION = YES;
				CLANG_WARN_INFINITE_RECURSION = YES;
				CLANG_WARN_INT_CONVERSION = YES;
				CLANG_WARN_NON_LITERAL_NULL_CONVERSION = YES;
				CLANG_WARN_OBJC_IMPLICIT_RETAIN_SELF = YES;
				CLANG_WARN_OBJC_LITERAL_CONVERSION = YES;
				CLANG_WARN_OBJC_ROOT_CLASS = YES_ERROR;
				CLANG_WARN_QUOTED_INCLUDE_IN_FRAMEWORK_HEADER = YES;
				CLANG_WARN_RANGE_LOOP_ANALYSIS = YES;
				CLANG_WARN_STRICT_PROTOTYPES = YES;
				CLANG_WARN_SUSPICIOUS_MOVE = YES;
				CLANG_WARN_UNGUARDED_AVAILABILITY = YES_AGGRESSIVE;
				CLANG_WARN_UNREACHABLE_CODE = YES;
				CLANG_WARN__DUPLICATE_METHOD_MATCH = YES;
				COPY_PHASE_STRIP = NO;
				DEBUG_INFORMATION_FORMAT = "dwarf-with-dsym";
				ENABLE_NS_ASSERTIONS = NO;
				ENABLE_STRICT_OBJC_MSGSEND = YES;
				ENABLE_USER_SCRIPT_SANDBOXING = YES;
				GCC_C_LANGUAGE_STANDARD = gnu17;
				GCC_NO_COMMON_BLOCKS = YES;
				GCC_WARN_64_TO_32_BIT_CONVERSION = YES;
				GCC_WARN_ABOUT_RETURN_TYPE = YES_ERROR;
				GCC_WARN_UNDECLARED_SELECTOR = YES;
				GCC_WARN_UNINITIALIZED_AUTOS = YES_AGGRESSIVE;
				GCC_WARN_UNUSED_FUNCTION = YES;
				GCC_WARN_UNUSED_VARIABLE = YES;
				IPHONEOS_DEPLOYMENT_TARGET = 17.2;
				LOCALIZATION_PREFERS_STRING_CATALOGS = YES;
				MTL_ENABLE_DEBUG_INFO = NO;
				MTL_FAST_MATH = YES;
				SDKROOT = iphoneos;
				SWIFT_COMPILATION_MODE = wholemodule;
				VALIDATE_PRODUCT = YES;
			};
			name = Release;
		};
		52D367652BB52B4700F0DD59 /* Debug */ = {
			isa = XCBuildConfiguration;
			buildSettings = {
				ALWAYS_EMBED_SWIFT_STANDARD_LIBRARIES = YES;
				ASSETCATALOG_COMPILER_APPICON_NAME = AppIcon;
				ASSETCATALOG_COMPILER_GLOBAL_ACCENT_COLOR_NAME = AccentColor;
				CODE_SIGN_STYLE = Automatic;
				CURRENT_PROJECT_VERSION = 1;
				DEVELOPMENT_TEAM = W2TQ6HFG67;
				GENERATE_INFOPLIST_FILE = YES;
				INFOPLIST_FILE = FileDirectory/Info.plist;
				INFOPLIST_KEY_UIApplicationSupportsIndirectInputEvents = YES;
				INFOPLIST_KEY_UILaunchStoryboardName = LaunchScreen;
				INFOPLIST_KEY_UIMainStoryboardFile = Main;
				INFOPLIST_KEY_UISupportedInterfaceOrientations_iPad = "UIInterfaceOrientationPortrait UIInterfaceOrientationPortraitUpsideDown UIInterfaceOrientationLandscapeLeft UIInterfaceOrientationLandscapeRight";
				INFOPLIST_KEY_UISupportedInterfaceOrientations_iPhone = "UIInterfaceOrientationPortrait UIInterfaceOrientationLandscapeLeft UIInterfaceOrientationLandscapeRight";
				LD_RUNPATH_SEARCH_PATHS = (
					"$(inherited)",
					"@executable_path/Frameworks",
				);
				MARKETING_VERSION = 1.0;
				PRODUCT_BUNDLE_IDENTIFIER = com.hgkim2024.FileDirectory;
				PRODUCT_NAME = "$(TARGET_NAME)";
				SWIFT_EMIT_LOC_STRINGS = YES;
				SWIFT_VERSION = 5.0;
				TARGETED_DEVICE_FAMILY = "1,2";
			};
			name = Debug;
		};
		52D367662BB52B4700F0DD59 /* Release */ = {
			isa = XCBuildConfiguration;
			buildSettings = {
				ALWAYS_EMBED_SWIFT_STANDARD_LIBRARIES = YES;
				ASSETCATALOG_COMPILER_APPICON_NAME = AppIcon;
				ASSETCATALOG_COMPILER_GLOBAL_ACCENT_COLOR_NAME = AccentColor;
				CODE_SIGN_STYLE = Automatic;
				CURRENT_PROJECT_VERSION = 1;
				DEVELOPMENT_TEAM = W2TQ6HFG67;
				GENERATE_INFOPLIST_FILE = YES;
				INFOPLIST_FILE = FileDirectory/Info.plist;
				INFOPLIST_KEY_UIApplicationSupportsIndirectInputEvents = YES;
				INFOPLIST_KEY_UILaunchStoryboardName = LaunchScreen;
				INFOPLIST_KEY_UIMainStoryboardFile = Main;
				INFOPLIST_KEY_UISupportedInterfaceOrientations_iPad = "UIInterfaceOrientationPortrait UIInterfaceOrientationPortraitUpsideDown UIInterfaceOrientationLandscapeLeft UIInterfaceOrientationLandscapeRight";
				INFOPLIST_KEY_UISupportedInterfaceOrientations_iPhone = "UIInterfaceOrientationPortrait UIInterfaceOrientationLandscapeLeft UIInterfaceOrientationLandscapeRight";
				LD_RUNPATH_SEARCH_PATHS = (
					"$(inherited)",
					"@executable_path/Frameworks",
				);
				MARKETING_VERSION = 1.0;
				PRODUCT_BUNDLE_IDENTIFIER = com.hgkim2024.FileDirectory;
				PRODUCT_NAME = "$(TARGET_NAME)";
				SWIFT_EMIT_LOC_STRINGS = YES;
				SWIFT_VERSION = 5.0;
				TARGETED_DEVICE_FAMILY = "1,2";
			};
			name = Release;
		};
/* End XCBuildConfiguration section */

/* Begin XCConfigurationList section */
		52937ADE2BBE815F00CB0F53 /* Build configuration list for PBXNativeTarget "FileShareExtension" */ = {
			isa = XCConfigurationList;
			buildConfigurations = (
				52937ADF2BBE815F00CB0F53 /* Debug */,
				52937AE02BBE815F00CB0F53 /* Release */,
			);
			defaultConfigurationIsVisible = 0;
			defaultConfigurationName = Release;
		};
		52937B2A2BBE8EEF00CB0F53 /* Build configuration list for PBXNativeTarget "common" */ = {
			isa = XCConfigurationList;
			buildConfigurations = (
				52937B282BBE8EEF00CB0F53 /* Debug */,
				52937B292BBE8EEF00CB0F53 /* Release */,
			);
			defaultConfigurationIsVisible = 0;
			defaultConfigurationName = Release;
		};
		52D3674B2BB52B4500F0DD59 /* Build configuration list for PBXProject "FileDirectory" */ = {
			isa = XCConfigurationList;
			buildConfigurations = (
				52D367622BB52B4700F0DD59 /* Debug */,
				52D367632BB52B4700F0DD59 /* Release */,
			);
			defaultConfigurationIsVisible = 0;
			defaultConfigurationName = Release;
		};
		52D367642BB52B4700F0DD59 /* Build configuration list for PBXNativeTarget "FileDirectory" */ = {
			isa = XCConfigurationList;
			buildConfigurations = (
				52D367652BB52B4700F0DD59 /* Debug */,
				52D367662BB52B4700F0DD59 /* Release */,
			);
			defaultConfigurationIsVisible = 0;
			defaultConfigurationName = Release;
		};
/* End XCConfigurationList section */
	};
	rootObject = 52D367482BB52B4500F0DD59 /* Project object */;
}
